// !$*UTF8*$!
{
	archiveVersion = 1;
	classes = {
	};
	objectVersion = 46;
	objects = {

/* Begin PBXBuildFile section */
		6319AB3919AD0F1000032A1A /* OSXFUSE.framework in Frameworks */ = {isa = PBXBuildFile; fileRef = 6319AB3819AD0F1000032A1A /* OSXFUSE.framework */; };
		634B603319BBFED2008CF973 /* wav.c in Sources */ = {isa = PBXBuildFile; fileRef = 634B603219BBFED2008CF973 /* wav.c */; };
		63A7C6DF19CB9D6800B4363E /* kelvin.c in Sources */ = {isa = PBXBuildFile; fileRef = 63A7C6DE19CB9D6800B4363E /* kelvin.c */; };
		63B4287B19E7130B00B83CD3 /* mongoose.c in Sources */ = {isa = PBXBuildFile; fileRef = 63B4287919E7130B00B83CD3 /* mongoose.c */; };
		63B4287E19E7150100B83CD3 /* webgui.c in Sources */ = {isa = PBXBuildFile; fileRef = 63B4287C19E7150100B83CD3 /* webgui.c */; };
		63B5F88319D76F240028614C /* cs.c in Sources */ = {isa = PBXBuildFile; fileRef = 63B5F88119D76F240028614C /* cs.c */; };
		63B5F88A19DA0B9E0028614C /* hdr.c in Sources */ = {isa = PBXBuildFile; fileRef = 63B5F88819DA0B9E0028614C /* hdr.c */; };
		63B5F88D19DA0BBF0028614C /* histogram.c in Sources */ = {isa = PBXBuildFile; fileRef = 63B5F88B19DA0BBF0028614C /* histogram.c */; };
		63B6174219ACED9300F21CD0 /* main.c in Sources */ = {isa = PBXBuildFile; fileRef = 63B6174119ACED9300F21CD0 /* main.c */; };
		63DA867819B113A80065788E /* dng.c in Sources */ = {isa = PBXBuildFile; fileRef = 63DA867719B113A80065788E /* dng.c */; };
		63DA868219B51C080065788E /* index.c in Sources */ = {isa = PBXBuildFile; fileRef = 63DA868019B51C080065788E /* index.c */; };
		63E9DBA319D4BF1E00E70CAA /* stripes.c in Sources */ = {isa = PBXBuildFile; fileRef = 63E9DBA119D4BF1E00E70CAA /* stripes.c */; };
/* End PBXBuildFile section */

/* Begin PBXCopyFilesBuildPhase section */
		63B6173C19ACED9300F21CD0 /* CopyFiles */ = {
			isa = PBXCopyFilesBuildPhase;
			buildActionMask = 2147483647;
			dstPath = /usr/share/man/man1/;
			dstSubfolderSpec = 0;
			files = (
			);
			runOnlyForDeploymentPostprocessing = 1;
		};
/* End PBXCopyFilesBuildPhase section */

/* Begin PBXFileReference section */
		6319AB3819AD0F1000032A1A /* OSXFUSE.framework */ = {isa = PBXFileReference; lastKnownFileType = wrapper.framework; name = OSXFUSE.framework; path = ../../../../../Library/Frameworks/OSXFUSE.framework; sourceTree = "<group>"; };
		6319AB3A19AD3B1100032A1A /* mlv.h */ = {isa = PBXFileReference; fileEncoding = 4; lastKnownFileType = sourcecode.c.h; path = mlv.h; sourceTree = "<group>"; };
		6319AB3B19AD4EEA00032A1A /* raw.h */ = {isa = PBXFileReference; lastKnownFileType = sourcecode.c.h; path = raw.h; sourceTree = "<group>"; };
		634B603219BBFED2008CF973 /* wav.c */ = {isa = PBXFileReference; fileEncoding = 4; lastKnownFileType = sourcecode.c.c; path = wav.c; sourceTree = "<group>"; };
		634B603419BBFEE4008CF973 /* wav.h */ = {isa = PBXFileReference; fileEncoding = 4; lastKnownFileType = sourcecode.c.h; path = wav.h; sourceTree = "<group>"; };
		63A7C6DE19CB9D6800B4363E /* kelvin.c */ = {isa = PBXFileReference; fileEncoding = 4; lastKnownFileType = sourcecode.c.c; path = kelvin.c; sourceTree = "<group>"; };
		63A7C6E019CB9DBD00B4363E /* kelvin.h */ = {isa = PBXFileReference; fileEncoding = 4; lastKnownFileType = sourcecode.c.h; path = kelvin.h; sourceTree = "<group>"; };
		63B4287919E7130B00B83CD3 /* mongoose.c */ = {isa = PBXFileReference; fileEncoding = 4; lastKnownFileType = sourcecode.c.c; path = mongoose.c; sourceTree = "<group>"; };
		63B4287A19E7130B00B83CD3 /* mongoose.h */ = {isa = PBXFileReference; fileEncoding = 4; lastKnownFileType = sourcecode.c.h; path = mongoose.h; sourceTree = "<group>"; };
		63B4287C19E7150100B83CD3 /* webgui.c */ = {isa = PBXFileReference; fileEncoding = 4; lastKnownFileType = sourcecode.c.c; path = webgui.c; sourceTree = "<group>"; };
		63B4287D19E7150100B83CD3 /* webgui.h */ = {isa = PBXFileReference; fileEncoding = 4; lastKnownFileType = sourcecode.c.h; path = webgui.h; sourceTree = "<group>"; };
		63B4287F19EB1F9600B83CD3 /* build_installer.sh */ = {isa = PBXFileReference; lastKnownFileType = text.script.sh; path = build_installer.sh; sourceTree = "<group>"; };
		63B5F88019D761490028614C /* mlvfs.h */ = {isa = PBXFileReference; fileEncoding = 4; lastKnownFileType = sourcecode.c.h; path = mlvfs.h; sourceTree = "<group>"; };
		63B5F88119D76F240028614C /* cs.c */ = {isa = PBXFileReference; fileEncoding = 4; lastKnownFileType = sourcecode.c.c; path = cs.c; sourceTree = "<group>"; };
		63B5F88219D76F240028614C /* cs.h */ = {isa = PBXFileReference; fileEncoding = 4; lastKnownFileType = sourcecode.c.h; path = cs.h; sourceTree = "<group>"; };
		63B5F88419D779F40028614C /* opt_med.h */ = {isa = PBXFileReference; fileEncoding = 4; lastKnownFileType = sourcecode.c.h; path = opt_med.h; sourceTree = "<group>"; };
		63B5F88519D797730028614C /* chroma_smooth.c */ = {isa = PBXFileReference; fileEncoding = 4; lastKnownFileType = sourcecode.c.c; path = chroma_smooth.c; sourceTree = "<group>"; };
		63B5F88719D79C510028614C /* Makefile */ = {isa = PBXFileReference; lastKnownFileType = sourcecode.make; path = Makefile; sourceTree = "<group>"; };
		63B5F88819DA0B9E0028614C /* hdr.c */ = {isa = PBXFileReference; fileEncoding = 4; lastKnownFileType = sourcecode.c.c; path = hdr.c; sourceTree = "<group>"; };
		63B5F88919DA0B9E0028614C /* hdr.h */ = {isa = PBXFileReference; fileEncoding = 4; lastKnownFileType = sourcecode.c.h; path = hdr.h; sourceTree = "<group>"; };
		63B5F88B19DA0BBF0028614C /* histogram.c */ = {isa = PBXFileReference; fileEncoding = 4; lastKnownFileType = sourcecode.c.c; path = histogram.c; sourceTree = "<group>"; };
		63B5F88C19DA0BBF0028614C /* histogram.h */ = {isa = PBXFileReference; fileEncoding = 4; lastKnownFileType = sourcecode.c.h; path = histogram.h; sourceTree = "<group>"; };
		63B6173E19ACED9300F21CD0 /* mlvfs */ = {isa = PBXFileReference; explicitFileType = "compiled.mach-o.executable"; includeInIndex = 0; path = mlvfs; sourceTree = BUILT_PRODUCTS_DIR; };
		63B6174119ACED9300F21CD0 /* main.c */ = {isa = PBXFileReference; lastKnownFileType = sourcecode.c.c; path = main.c; sourceTree = "<group>"; };
		63C9CCE119E5C8680034ED97 /* wirth.h */ = {isa = PBXFileReference; fileEncoding = 4; lastKnownFileType = sourcecode.c.h; path = wirth.h; sourceTree = "<group>"; };
		63DA867719B113A80065788E /* dng.c */ = {isa = PBXFileReference; fileEncoding = 4; lastKnownFileType = sourcecode.c.c; path = dng.c; sourceTree = "<group>"; };
		63DA867919B113B70065788E /* dng.h */ = {isa = PBXFileReference; lastKnownFileType = sourcecode.c.h; path = dng.h; sourceTree = "<group>"; };
		63DA867D19B417290065788E /* dng_tag_codes.h */ = {isa = PBXFileReference; fileEncoding = 4; lastKnownFileType = sourcecode.c.h; path = dng_tag_codes.h; sourceTree = "<group>"; };
		63DA867E19B417290065788E /* dng_tag_types.h */ = {isa = PBXFileReference; fileEncoding = 4; lastKnownFileType = sourcecode.c.h; path = dng_tag_types.h; sourceTree = "<group>"; };
		63DA867F19B417290065788E /* dng_tag_values.h */ = {isa = PBXFileReference; fileEncoding = 4; lastKnownFileType = sourcecode.c.h; path = dng_tag_values.h; sourceTree = "<group>"; };
		63DA868019B51C080065788E /* index.c */ = {isa = PBXFileReference; fileEncoding = 4; lastKnownFileType = sourcecode.c.c; path = index.c; sourceTree = "<group>"; };
		63DA868119B51C080065788E /* index.h */ = {isa = PBXFileReference; fileEncoding = 4; lastKnownFileType = sourcecode.c.h; path = index.h; sourceTree = "<group>"; };
		63E9DBA119D4BF1E00E70CAA /* stripes.c */ = {isa = PBXFileReference; fileEncoding = 4; lastKnownFileType = sourcecode.c.c; path = stripes.c; sourceTree = "<group>"; };
		63E9DBA219D4BF1E00E70CAA /* stripes.h */ = {isa = PBXFileReference; fileEncoding = 4; lastKnownFileType = sourcecode.c.h; path = stripes.h; sourceTree = "<group>"; };
/* End PBXFileReference section */

/* Begin PBXFrameworksBuildPhase section */
		63B6173B19ACED9300F21CD0 /* Frameworks */ = {
			isa = PBXFrameworksBuildPhase;
			buildActionMask = 2147483647;
			files = (
				6319AB3919AD0F1000032A1A /* OSXFUSE.framework in Frameworks */,
			);
			runOnlyForDeploymentPostprocessing = 0;
		};
/* End PBXFrameworksBuildPhase section */

/* Begin PBXGroup section */
		63B6173519ACED9300F21CD0 = {
			isa = PBXGroup;
			children = (
				63B4287F19EB1F9600B83CD3 /* build_installer.sh */,
				6319AB3819AD0F1000032A1A /* OSXFUSE.framework */,
				63B6174019ACED9300F21CD0 /* mlvfs */,
				63B6173F19ACED9300F21CD0 /* Products */,
			);
			sourceTree = "<group>";
		};
		63B6173F19ACED9300F21CD0 /* Products */ = {
			isa = PBXGroup;
			children = (
				63B6173E19ACED9300F21CD0 /* mlvfs */,
			);
			name = Products;
			sourceTree = "<group>";
		};
		63B6174019ACED9300F21CD0 /* mlvfs */ = {
			isa = PBXGroup;
			children = (
				63B6174119ACED9300F21CD0 /* main.c */,
				6319AB3A19AD3B1100032A1A /* mlv.h */,
				63B5F88019D761490028614C /* mlvfs.h */,
				6319AB3B19AD4EEA00032A1A /* raw.h */,
				63DA867D19B417290065788E /* dng_tag_codes.h */,
				63DA867E19B417290065788E /* dng_tag_types.h */,
				63DA867F19B417290065788E /* dng_tag_values.h */,
				63DA867719B113A80065788E /* dng.c */,
				63DA867919B113B70065788E /* dng.h */,
				63DA868019B51C080065788E /* index.c */,
				63DA868119B51C080065788E /* index.h */,
				634B603219BBFED2008CF973 /* wav.c */,
				634B603419BBFEE4008CF973 /* wav.h */,
				63A7C6DE19CB9D6800B4363E /* kelvin.c */,
				63A7C6E019CB9DBD00B4363E /* kelvin.h */,
				63E9DBA119D4BF1E00E70CAA /* stripes.c */,
				63E9DBA219D4BF1E00E70CAA /* stripes.h */,
				63B5F88419D779F40028614C /* opt_med.h */,
				63C9CCE119E5C8680034ED97 /* wirth.h */,
				63B5F88519D797730028614C /* chroma_smooth.c */,
				63B5F88119D76F240028614C /* cs.c */,
				63B5F88219D76F240028614C /* cs.h */,
				63B5F88819DA0B9E0028614C /* hdr.c */,
				63B5F88919DA0B9E0028614C /* hdr.h */,
				63B5F88B19DA0BBF0028614C /* histogram.c */,
				63B5F88C19DA0BBF0028614C /* histogram.h */,
				63B4287C19E7150100B83CD3 /* webgui.c */,
				63B4287D19E7150100B83CD3 /* webgui.h */,
				63B4287919E7130B00B83CD3 /* mongoose.c */,
				63B4287A19E7130B00B83CD3 /* mongoose.h */,
				63B5F88719D79C510028614C /* Makefile */,
			);
			path = mlvfs;
			sourceTree = "<group>";
		};
/* End PBXGroup section */

/* Begin PBXNativeTarget section */
		63B6173D19ACED9300F21CD0 /* mlvfs */ = {
			isa = PBXNativeTarget;
			buildConfigurationList = 63B6174719ACED9300F21CD0 /* Build configuration list for PBXNativeTarget "mlvfs" */;
			buildPhases = (
				63B6173A19ACED9300F21CD0 /* Sources */,
				63B6173B19ACED9300F21CD0 /* Frameworks */,
				63B6173C19ACED9300F21CD0 /* CopyFiles */,
			);
			buildRules = (
			);
			dependencies = (
			);
			name = mlvfs;
			productName = mlvfs;
			productReference = 63B6173E19ACED9300F21CD0 /* mlvfs */;
			productType = "com.apple.product-type.tool";
		};
/* End PBXNativeTarget section */

/* Begin PBXProject section */
		63B6173619ACED9300F21CD0 /* Project object */ = {
			isa = PBXProject;
			attributes = {
				LastUpgradeCheck = 0510;
				ORGANIZATIONNAME = "Magic Lantern";
			};
			buildConfigurationList = 63B6173919ACED9300F21CD0 /* Build configuration list for PBXProject "mlvfs" */;
			compatibilityVersion = "Xcode 3.2";
			developmentRegion = English;
			hasScannedForEncodings = 0;
			knownRegions = (
				en,
			);
			mainGroup = 63B6173519ACED9300F21CD0;
			productRefGroup = 63B6173F19ACED9300F21CD0 /* Products */;
			projectDirPath = "";
			projectRoot = "";
			targets = (
				63B6173D19ACED9300F21CD0 /* mlvfs */,
			);
		};
/* End PBXProject section */

/* Begin PBXSourcesBuildPhase section */
		63B6173A19ACED9300F21CD0 /* Sources */ = {
			isa = PBXSourcesBuildPhase;
			buildActionMask = 2147483647;
			files = (
				63A7C6DF19CB9D6800B4363E /* kelvin.c in Sources */,
				634B603319BBFED2008CF973 /* wav.c in Sources */,
				63B4287B19E7130B00B83CD3 /* mongoose.c in Sources */,
				63DA868219B51C080065788E /* index.c in Sources */,
				63E9DBA319D4BF1E00E70CAA /* stripes.c in Sources */,
				63B5F88A19DA0B9E0028614C /* hdr.c in Sources */,
				63B6174219ACED9300F21CD0 /* main.c in Sources */,
				63B4287E19E7150100B83CD3 /* webgui.c in Sources */,
				63B5F88D19DA0BBF0028614C /* histogram.c in Sources */,
				63B5F88319D76F240028614C /* cs.c in Sources */,
				63DA867819B113A80065788E /* dng.c in Sources */,
			);
			runOnlyForDeploymentPostprocessing = 0;
		};
/* End PBXSourcesBuildPhase section */

/* Begin XCBuildConfiguration section */
		63B6174519ACED9300F21CD0 /* Debug */ = {
			isa = XCBuildConfiguration;
			buildSettings = {
				ALWAYS_SEARCH_USER_PATHS = NO;
				CLANG_CXX_LANGUAGE_STANDARD = "gnu++0x";
				CLANG_CXX_LIBRARY = "libc++";
				CLANG_ENABLE_MODULES = YES;
				CLANG_ENABLE_OBJC_ARC = YES;
				CLANG_WARN_BOOL_CONVERSION = YES;
				CLANG_WARN_CONSTANT_CONVERSION = YES;
				CLANG_WARN_DIRECT_OBJC_ISA_USAGE = YES_ERROR;
				CLANG_WARN_EMPTY_BODY = YES;
				CLANG_WARN_ENUM_CONVERSION = YES;
				CLANG_WARN_INT_CONVERSION = YES;
				CLANG_WARN_OBJC_ROOT_CLASS = YES_ERROR;
				CLANG_WARN__DUPLICATE_METHOD_MATCH = YES;
				COPY_PHASE_STRIP = NO;
				GCC_C_LANGUAGE_STANDARD = gnu99;
				GCC_DYNAMIC_NO_PIC = NO;
				GCC_ENABLE_OBJC_EXCEPTIONS = YES;
				GCC_OPTIMIZATION_LEVEL = 0;
				GCC_PREPROCESSOR_DEFINITIONS = (
					"DEBUG=1",
					"$(inherited)",
				);
				GCC_SYMBOLS_PRIVATE_EXTERN = NO;
				GCC_WARN_64_TO_32_BIT_CONVERSION = YES;
				GCC_WARN_ABOUT_RETURN_TYPE = YES_ERROR;
				GCC_WARN_UNDECLARED_SELECTOR = YES;
				GCC_WARN_UNINITIALIZED_AUTOS = YES_AGGRESSIVE;
				GCC_WARN_UNUSED_FUNCTION = YES;
				GCC_WARN_UNUSED_VARIABLE = YES;
				MACOSX_DEPLOYMENT_TARGET = 10.9;
				ONLY_ACTIVE_ARCH = YES;
				SDKROOT = macosx;
			};
			name = Debug;
		};
		63B6174619ACED9300F21CD0 /* Release */ = {
			isa = XCBuildConfiguration;
			buildSettings = {
				ALWAYS_SEARCH_USER_PATHS = NO;
				CLANG_CXX_LANGUAGE_STANDARD = "gnu++0x";
				CLANG_CXX_LIBRARY = "libc++";
				CLANG_ENABLE_MODULES = YES;
				CLANG_ENABLE_OBJC_ARC = YES;
				CLANG_WARN_BOOL_CONVERSION = YES;
				CLANG_WARN_CONSTANT_CONVERSION = YES;
				CLANG_WARN_DIRECT_OBJC_ISA_USAGE = YES_ERROR;
				CLANG_WARN_EMPTY_BODY = YES;
				CLANG_WARN_ENUM_CONVERSION = YES;
				CLANG_WARN_INT_CONVERSION = YES;
				CLANG_WARN_OBJC_ROOT_CLASS = YES_ERROR;
				CLANG_WARN__DUPLICATE_METHOD_MATCH = YES;
				COPY_PHASE_STRIP = YES;
				DEBUG_INFORMATION_FORMAT = "dwarf-with-dsym";
				ENABLE_NS_ASSERTIONS = NO;
				GCC_C_LANGUAGE_STANDARD = gnu99;
				GCC_ENABLE_OBJC_EXCEPTIONS = YES;
				GCC_WARN_64_TO_32_BIT_CONVERSION = YES;
				GCC_WARN_ABOUT_RETURN_TYPE = YES_ERROR;
				GCC_WARN_UNDECLARED_SELECTOR = YES;
				GCC_WARN_UNINITIALIZED_AUTOS = YES_AGGRESSIVE;
				GCC_WARN_UNUSED_FUNCTION = YES;
				GCC_WARN_UNUSED_VARIABLE = YES;
				MACOSX_DEPLOYMENT_TARGET = 10.9;
				SDKROOT = macosx;
			};
			name = Release;
		};
		63B6174819ACED9300F21CD0 /* Debug */ = {
			isa = XCBuildConfiguration;
			buildSettings = {
				ALWAYS_SEARCH_USER_PATHS = YES;
				ARCHS = "$(ARCHS_STANDARD)";
				FRAMEWORK_SEARCH_PATHS = (
					"$(inherited)",
					"$(LOCAL_LIBRARY_DIR)/Frameworks",
				);
				GCC_PREPROCESSOR_DEFINITIONS = (
					"FUSE_USE_VERSION=26",
					"_FILE_OFFSET_BITS=64",
					"DEBUG=1",
				);
				HEADER_SEARCH_PATHS = (
					"$(inherited)",
					/usr/local/include/osxfuse/fuse,
					/Applications/Xcode.app/Contents/Developer/Toolchains/XcodeDefault.xctoolchain/usr/include,
				);
				LIBRARY_SEARCH_PATHS = /usr/local/lib;
				OTHER_CFLAGS = "";
				OTHER_LDFLAGS = "-losxfuse";
				PRODUCT_NAME = "$(TARGET_NAME)";
			};
			name = Debug;
		};
		63B6174919ACED9300F21CD0 /* Release */ = {
			isa = XCBuildConfiguration;
			buildSettings = {
				ALWAYS_SEARCH_USER_PATHS = YES;
				ARCHS = "$(ARCHS_STANDARD)";
				FRAMEWORK_SEARCH_PATHS = (
					"$(inherited)",
					"$(LOCAL_LIBRARY_DIR)/Frameworks",
				);
				GCC_PREPROCESSOR_DEFINITIONS = (
					"_FILE_OFFSET_BITS=64",
					"FUSE_USE_VERSION=26",
				);
				HEADER_SEARCH_PATHS = (
					"$(inherited)",
					/usr/local/include/osxfuse/fuse,
					/Applications/Xcode.app/Contents/Developer/Toolchains/XcodeDefault.xctoolchain/usr/include,
				);
				LIBRARY_SEARCH_PATHS = /usr/local/lib;
				OTHER_CFLAGS = "";
				OTHER_LDFLAGS = "-losxfuse";
				PRODUCT_NAME = "$(TARGET_NAME)";
			};
			name = Release;
		};
/* End XCBuildConfiguration section */

/* Begin XCConfigurationList section */
		63B6173919ACED9300F21CD0 /* Build configuration list for PBXProject "mlvfs" */ = {
			isa = XCConfigurationList;
			buildConfigurations = (
				63B6174519ACED9300F21CD0 /* Debug */,
				63B6174619ACED9300F21CD0 /* Release */,
			);
			defaultConfigurationIsVisible = 0;
			defaultConfigurationName = Release;
		};
		63B6174719ACED9300F21CD0 /* Build configuration list for PBXNativeTarget "mlvfs" */ = {
			isa = XCConfigurationList;
			buildConfigurations = (
				63B6174819ACED9300F21CD0 /* Debug */,
				63B6174919ACED9300F21CD0 /* Release */,
			);
			defaultConfigurationIsVisible = 0;
			defaultConfigurationName = Release;
		};
/* End XCConfigurationList section */
	};
	rootObject = 63B6173619ACED9300F21CD0 /* Project object */;
}
